
Microsoft Visual Studio Solution File, Format Version 12.00
# Visual Studio Version 17
VisualStudioVersion = 17.8.34525.116
MinimumVisualStudioVersion = 10.0.40219.1
Project("{FAE04EC0-301F-11D3-BF4B-00C04F79EFBC}") = "less5", "less5.csproj", "{F145D508-5405-472E-BA43-963D2BD6A061}"
EndProject
Global
	GlobalSection(SolutionConfigurationPlatforms) = preSolution
		Debug|Any CPU = Debug|Any CPU
		Release|Any CPU = Release|Any CPU
	EndGlobalSection
	GlobalSection(ProjectConfigurationPlatforms) = postSolution
		{F145D508-5405-472E-BA43-963D2BD6A061}.Debug|Any CPU.ActiveCfg = Debug|Any CPU
		{F145D508-5405-472E-BA43-963D2BD6A061}.Debug|Any CPU.Build.0 = Debug|Any CPU
		{F145D508-5405-472E-BA43-963D2BD6A061}.Release|Any CPU.ActiveCfg = Release|Any CPU
		{F145D508-5405-472E-BA43-963D2BD6A061}.Release|Any CPU.Build.0 = Release|Any CPU
	EndGlobalSection
	GlobalSection(SolutionProperties) = preSolution
		HideSolutionNode = FALSE
	EndGlobalSection
	GlobalSection(ExtensibilityGlobals) = postSolution
		SolutionGuid = {312C17AE-A697-4CE2-B162-CA3C940747F7}
	EndGlobalSection
EndGlobal
